
Microsoft Visual Studio Solution File, Format Version 12.00
# Visual Studio Version 17
VisualStudioVersion = 17.2.32526.322
MinimumVisualStudioVersion = 10.0.40219.1
Project("{FAE04EC0-301F-11D3-BF4B-00C04F79EFBC}") = "ObjectInitializers", "ObjectInitializers\ObjectInitializers.csproj", "{680C8575-C4FA-4E80-9DCC-00D2747FA1B3}"
EndProject
Global
	GlobalSection(SolutionConfigurationPlatforms) = preSolution
		Debug|Any CPU = Debug|Any CPU
		Release|Any CPU = Release|Any CPU
	EndGlobalSection
	GlobalSection(ProjectConfigurationPlatforms) = postSolution
		{680C8575-C4FA-4E80-9DCC-00D2747FA1B3}.Debug|Any CPU.ActiveCfg = Debug|Any CPU
		{680C8575-C4FA-4E80-9DCC-00D2747FA1B3}.Debug|Any CPU.Build.0 = Debug|Any CPU
		{680C8575-C4FA-4E80-9DCC-00D2747FA1B3}.Release|Any CPU.ActiveCfg = Release|Any CPU
		{680C8575-C4FA-4E80-9DCC-00D2747FA1B3}.Release|Any CPU.Build.0 = Release|Any CPU
	EndGlobalSection
	GlobalSection(SolutionProperties) = preSolution
		HideSolutionNode = FALSE
	EndGlobalSection
	GlobalSection(ExtensibilityGlobals) = postSolution
		SolutionGuid = {1B19D1C6-1A1C-4353-882F-A16051CC3901}
	EndGlobalSection
EndGlobal
